
Microsoft Visual Studio Solution File, Format Version 12.00
# Visual Studio Version 17
VisualStudioVersion = 17.4.33213.308
MinimumVisualStudioVersion = 10.0.40219.1
Project("{FAE04EC0-301F-11D3-BF4B-00C04F79EFBC}") = "DBQuery", "DBQuery.csproj", "{8629AC2F-46D5-4908-9F27-325209718815}"
EndProject
Global
	GlobalSection(SolutionConfigurationPlatforms) = preSolution
		Debug|Any CPU = Debug|Any CPU
		Release|Any CPU = Release|Any CPU
	EndGlobalSection
	GlobalSection(ProjectConfigurationPlatforms) = postSolution
		{8629AC2F-46D5-4908-9F27-325209718815}.Debug|Any CPU.ActiveCfg = Debug|Any CPU
		{8629AC2F-46D5-4908-9F27-325209718815}.Debug|Any CPU.Build.0 = Debug|Any CPU
		{8629AC2F-46D5-4908-9F27-325209718815}.Release|Any CPU.ActiveCfg = Release|Any CPU
		{8629AC2F-46D5-4908-9F27-325209718815}.Release|Any CPU.Build.0 = Release|Any CPU
	EndGlobalSection
	GlobalSection(SolutionProperties) = preSolution
		HideSolutionNode = FALSE
	EndGlobalSection
	GlobalSection(ExtensibilityGlobals) = postSolution
		SolutionGuid = {5991CDCF-EB34-492A-ACC7-2EA2B0CDEC16}
	EndGlobalSection
EndGlobal
